
Microsoft Visual Studio Solution File, Format Version 12.00
# Visual Studio Version 17
VisualStudioVersion = 17.4.33213.308
MinimumVisualStudioVersion = 10.0.40219.1
Project("{2150E333-8FDC-42A3-9474-1A3956D46DE8}") = "2.1 Programlamaya Giris", "2.1 Programlamaya Giris", "{492AF5D3-FB5C-4B0E-AF0C-E2C85E29698E}"
EndProject
Project("{8BC9CEB8-8B4A-11D0-8D11-00A0C91BC942}") = "Hello world", "Hello world\Hello world.vcxproj", "{B802E8E1-F597-46A9-85D1-4B26415E7536}"
EndProject
Project("{2150E333-8FDC-42A3-9474-1A3956D46DE8}") = "2.3 Degiskenler 2", "2.3 Degiskenler 2", "{21D86D17-F0E4-458E-ACF4-0C80C69F7B6A}"
EndProject
Project("{8BC9CEB8-8B4A-11D0-8D11-00A0C91BC942}") = "Degiskenler", "Degiskenler\Degiskenler.vcxproj", "{B1FA36DB-636B-44C8-A1EF-A42A4D71EAA7}"
EndProject
Global
	GlobalSection(SolutionConfigurationPlatforms) = preSolution
		Debug|x64 = Debug|x64
		Debug|x86 = Debug|x86
		Release|x64 = Release|x64
		Release|x86 = Release|x86
	EndGlobalSection
	GlobalSection(ProjectConfigurationPlatforms) = postSolution
		{B802E8E1-F597-46A9-85D1-4B26415E7536}.Debug|x64.ActiveCfg = Debug|x64
		{B802E8E1-F597-46A9-85D1-4B26415E7536}.Debug|x64.Build.0 = Debug|x64
		{B802E8E1-F597-46A9-85D1-4B26415E7536}.Debug|x86.ActiveCfg = Debug|Win32
		{B802E8E1-F597-46A9-85D1-4B26415E7536}.Debug|x86.Build.0 = Debug|Win32
		{B802E8E1-F597-46A9-85D1-4B26415E7536}.Release|x64.ActiveCfg = Release|x64
		{B802E8E1-F597-46A9-85D1-4B26415E7536}.Release|x64.Build.0 = Release|x64
		{B802E8E1-F597-46A9-85D1-4B26415E7536}.Release|x86.ActiveCfg = Release|Win32
		{B802E8E1-F597-46A9-85D1-4B26415E7536}.Release|x86.Build.0 = Release|Win32
		{B1FA36DB-636B-44C8-A1EF-A42A4D71EAA7}.Debug|x64.ActiveCfg = Debug|x64
		{B1FA36DB-636B-44C8-A1EF-A42A4D71EAA7}.Debug|x64.Build.0 = Debug|x64
		{B1FA36DB-636B-44C8-A1EF-A42A4D71EAA7}.Debug|x86.ActiveCfg = Debug|Win32
		{B1FA36DB-636B-44C8-A1EF-A42A4D71EAA7}.Debug|x86.Build.0 = Debug|Win32
		{B1FA36DB-636B-44C8-A1EF-A42A4D71EAA7}.Release|x64.ActiveCfg = Release|x64
		{B1FA36DB-636B-44C8-A1EF-A42A4D71EAA7}.Release|x64.Build.0 = Release|x64
		{B1FA36DB-636B-44C8-A1EF-A42A4D71EAA7}.Release|x86.ActiveCfg = Release|Win32
		{B1FA36DB-636B-44C8-A1EF-A42A4D71EAA7}.Release|x86.Build.0 = Release|Win32
	EndGlobalSection
	GlobalSection(SolutionProperties) = preSolution
		HideSolutionNode = FALSE
	EndGlobalSection
	GlobalSection(NestedProjects) = preSolution
		{B802E8E1-F597-46A9-85D1-4B26415E7536} = {492AF5D3-FB5C-4B0E-AF0C-E2C85E29698E}
		{B1FA36DB-636B-44C8-A1EF-A42A4D71EAA7} = {21D86D17-F0E4-458E-ACF4-0C80C69F7B6A}
	EndGlobalSection
	GlobalSection(ExtensibilityGlobals) = postSolution
		SolutionGuid = {6BC9E2A5-AA91-43BF-A382-9C389D5A3F18}
	EndGlobalSection
EndGlobal
